
Microsoft Visual Studio Solution File, Format Version 11.00
# Visual Studio 2010
Project("{FAE04EC0-301F-11D3-BF4B-00C04F79EFBC}") = "Microsoft.Linq.Translations", "Microsoft.Linq.Translations\Microsoft.Linq.Translations.csproj", "{261B06CF-E3FF-4A88-935A-A7E735CC2981}"
EndProject
Global
	GlobalSection(SolutionConfigurationPlatforms) = preSolution
		Debug|Any CPU = Debug|Any CPU
		Release|Any CPU = Release|Any CPU
	EndGlobalSection
	GlobalSection(ProjectConfigurationPlatforms) = postSolution
		{261B06CF-E3FF-4A88-935A-A7E735CC2981}.Debug|Any CPU.ActiveCfg = Debug|Any CPU
		{261B06CF-E3FF-4A88-935A-A7E735CC2981}.Debug|Any CPU.Build.0 = Debug|Any CPU
		{261B06CF-E3FF-4A88-935A-A7E735CC2981}.Release|Any CPU.ActiveCfg = Release|Any CPU
		{261B06CF-E3FF-4A88-935A-A7E735CC2981}.Release|Any CPU.Build.0 = Release|Any CPU
	EndGlobalSection
	GlobalSection(SolutionProperties) = preSolution
		HideSolutionNode = FALSE
	EndGlobalSection
EndGlobal
