Microsoft Visual Studio Solution File, Format Version 12.00
# Visual Studio Version 16
VisualStudioVersion = 16.0.29102.190
MinimumVisualStudioVersion = 10.0.40219.1
Project("{9A19103F-16F7-4668-BE54-9A1E7A4F7556}") = "Microsoft.Linq.Translations", "Microsoft.Linq.Translations\Microsoft.Linq.Translations.csproj", "{6B5B7F5B-A09B-41FE-AB96-DA34A06811D1}"
EndProject
Project("{2150E333-8FDC-42A3-9474-1A3956D46DE8}") = "Solution Items", "Solution Items", "{B2B28132-307B-4407-90FB-A2FA46EFC919}"
	ProjectSection(SolutionItems) = preProject
		LICENSE = LICENSE
		README.md = README.md
	EndProjectSection
EndProject
Global
	GlobalSection(SolutionConfigurationPlatforms) = preSolution
		Debug|Any CPU = Debug|Any CPU
		Release|Any CPU = Release|Any CPU
	EndGlobalSection
	GlobalSection(ProjectConfigurationPlatforms) = postSolution
		{6B5B7F5B-A09B-41FE-AB96-DA34A06811D1}.Debug|Any CPU.ActiveCfg = Debug|Any CPU
		{6B5B7F5B-A09B-41FE-AB96-DA34A06811D1}.Debug|Any CPU.Build.0 = Debug|Any CPU
		{6B5B7F5B-A09B-41FE-AB96-DA34A06811D1}.Release|Any CPU.ActiveCfg = Release|Any CPU
		{6B5B7F5B-A09B-41FE-AB96-DA34A06811D1}.Release|Any CPU.Build.0 = Release|Any CPU
	EndGlobalSection
	GlobalSection(SolutionProperties) = preSolution
		HideSolutionNode = FALSE
	EndGlobalSection
	GlobalSection(ExtensibilityGlobals) = postSolution
		SolutionGuid = {3707AC9D-A964-4562-90D4-EFA60C37A313}
	EndGlobalSection
EndGlobal
